
Microsoft Visual Studio Solution File, Format Version 12.00
# Visual Studio 15
VisualStudioVersion = 15.0.26430.14
MinimumVisualStudioVersion = 10.0.40219.1
Project("{2150E333-8FDC-42A3-9474-1A3956D46DE8}") = "Solution Items", "Solution Items", "{953D2520-3518-4A89-A335-72547D5B8EAD}"
	ProjectSection(SolutionItems) = preProject
		Solution Items\SolutionInfo.cs = Solution Items\SolutionInfo.cs
		Solution Items\VersionInfo.cs = Solution Items\VersionInfo.cs
	EndProjectSection
EndProject
Project("{9A19103F-16F7-4668-BE54-9A1E7A4F7556}") = "Server.Extensibility.Authentication.OpenIDConnect", "Server.Extensibility.Authentication.OpenIDConnect\Server.Extensibility.Authentication.OpenIDConnect.csproj", "{90829768-9B06-475D-AC73-C9C6E0F20ACB}"
EndProject
Project("{9A19103F-16F7-4668-BE54-9A1E7A4F7556}") = "Server.Extensibility.Authentication.AzureAD", "Server.Extensibility.Authentication.AzureAD\Server.Extensibility.Authentication.AzureAD.csproj", "{8CBCE54C-D501-4ED8-A716-DE64AE5198DA}"
EndProject
Project("{9A19103F-16F7-4668-BE54-9A1E7A4F7556}") = "Server.Extensibility.Authentication.GoogleApps", "Server.Extensibility.Authentication.GoogleApps\Server.Extensibility.Authentication.GoogleApps.csproj", "{6796E715-F1FA-445D-AF1F-F6C9023A8D07}"
EndProject
Project("{9A19103F-16F7-4668-BE54-9A1E7A4F7556}") = "Node.Extensibility.Authentication.OpenIDConnect", "Node.Extensibility.Authentication.OpenIDConnect\Node.Extensibility.Authentication.OpenIDConnect.csproj", "{1AA4BB73-2FBD-45AD-B98A-FB5641B79587}"
EndProject
Project("{9A19103F-16F7-4668-BE54-9A1E7A4F7556}") = "DataCenterManager.Extensibility.Authentication.OpenIDConnect", "DataCenterManager.Extensibility.Authentication.OpenIDConnect\DataCenterManager.Extensibility.Authentication.OpenIDConnect.csproj", "{2AB5C6FA-F614-4B26-B43B-1BD8BEE15B6A}"
EndProject
Project("{FAE04EC0-301F-11D3-BF4B-00C04F79EFBC}") = "DataCenterManager.Extensibility.Authentication.AzureAD", "DataCenterManager.Extensibility.Authentication.AzureAD\DataCenterManager.Extensibility.Authentication.AzureAD.csproj", "{F6B886DD-D3B4-4055-8493-E0B5AC050385}"
EndProject
Global
	GlobalSection(SolutionConfigurationPlatforms) = preSolution
		Debug|Any CPU = Debug|Any CPU
		Release|Any CPU = Release|Any CPU
	EndGlobalSection
	GlobalSection(ProjectConfigurationPlatforms) = postSolution
		{90829768-9B06-475D-AC73-C9C6E0F20ACB}.Debug|Any CPU.ActiveCfg = Debug|Any CPU
		{90829768-9B06-475D-AC73-C9C6E0F20ACB}.Debug|Any CPU.Build.0 = Debug|Any CPU
		{90829768-9B06-475D-AC73-C9C6E0F20ACB}.Release|Any CPU.ActiveCfg = Release|Any CPU
		{90829768-9B06-475D-AC73-C9C6E0F20ACB}.Release|Any CPU.Build.0 = Release|Any CPU
		{8CBCE54C-D501-4ED8-A716-DE64AE5198DA}.Debug|Any CPU.ActiveCfg = Debug|Any CPU
		{8CBCE54C-D501-4ED8-A716-DE64AE5198DA}.Debug|Any CPU.Build.0 = Debug|Any CPU
		{8CBCE54C-D501-4ED8-A716-DE64AE5198DA}.Release|Any CPU.ActiveCfg = Release|Any CPU
		{8CBCE54C-D501-4ED8-A716-DE64AE5198DA}.Release|Any CPU.Build.0 = Release|Any CPU
		{6796E715-F1FA-445D-AF1F-F6C9023A8D07}.Debug|Any CPU.ActiveCfg = Debug|Any CPU
		{6796E715-F1FA-445D-AF1F-F6C9023A8D07}.Debug|Any CPU.Build.0 = Debug|Any CPU
		{6796E715-F1FA-445D-AF1F-F6C9023A8D07}.Release|Any CPU.ActiveCfg = Release|Any CPU
		{6796E715-F1FA-445D-AF1F-F6C9023A8D07}.Release|Any CPU.Build.0 = Release|Any CPU
		{1AA4BB73-2FBD-45AD-B98A-FB5641B79587}.Debug|Any CPU.ActiveCfg = Debug|Any CPU
		{1AA4BB73-2FBD-45AD-B98A-FB5641B79587}.Debug|Any CPU.Build.0 = Debug|Any CPU
		{1AA4BB73-2FBD-45AD-B98A-FB5641B79587}.Release|Any CPU.ActiveCfg = Release|Any CPU
		{1AA4BB73-2FBD-45AD-B98A-FB5641B79587}.Release|Any CPU.Build.0 = Release|Any CPU
		{2AB5C6FA-F614-4B26-B43B-1BD8BEE15B6A}.Debug|Any CPU.ActiveCfg = Debug|Any CPU
		{2AB5C6FA-F614-4B26-B43B-1BD8BEE15B6A}.Debug|Any CPU.Build.0 = Debug|Any CPU
		{2AB5C6FA-F614-4B26-B43B-1BD8BEE15B6A}.Release|Any CPU.ActiveCfg = Release|Any CPU
		{2AB5C6FA-F614-4B26-B43B-1BD8BEE15B6A}.Release|Any CPU.Build.0 = Release|Any CPU
		{F6B886DD-D3B4-4055-8493-E0B5AC050385}.Debug|Any CPU.ActiveCfg = Debug|Any CPU
		{F6B886DD-D3B4-4055-8493-E0B5AC050385}.Debug|Any CPU.Build.0 = Debug|Any CPU
		{F6B886DD-D3B4-4055-8493-E0B5AC050385}.Release|Any CPU.ActiveCfg = Release|Any CPU
		{F6B886DD-D3B4-4055-8493-E0B5AC050385}.Release|Any CPU.Build.0 = Release|Any CPU
	EndGlobalSection
	GlobalSection(SolutionProperties) = preSolution
		HideSolutionNode = FALSE
	EndGlobalSection
EndGlobal
